{
  "version": "5",
  "specifiers": {
    "jsr:@denosaurs/plug@1": "1.0.5",
    "jsr:@denosaurs/plug@1.0.5": "1.0.5",
    "jsr:@gfx/canvas@*": "0.5.8",
    "jsr:@std/assert@0.214": "0.214.0",
    "jsr:@std/assert@0.217": "0.217.0",
    "jsr:@std/assert@1": "1.0.14",
    "jsr:@std/encoding@0.214": "0.214.0",
    "jsr:@std/encoding@0.217.0": "0.217.0",
    "jsr:@std/fmt@0.214": "0.214.0",
    "jsr:@std/fmt@^1.0.8": "1.0.8",
    "jsr:@std/fs@0.214": "0.214.0",
    "jsr:@std/fs@0.217.0": "0.217.0",
    "jsr:@std/internal@^1.0.10": "1.0.10",
    "jsr:@std/path@0.214": "0.214.0",
    "jsr:@std/path@0.217": "0.217.0",
    "jsr:@std/path@0.217.0": "0.217.0",
    "npm:@types/node@*": "22.10.6",
    "npm:culori@*": "4.0.2",
    "npm:sharp@*": "0.34.4"
  },
  "jsr": {
    "@denosaurs/plug@1.0.5": {
      "integrity": "04cd988da558adc226202d88c3a434d5fcc08146eaf4baf0cea0c2284b16d2bf",
      "dependencies": [
        "jsr:@std/encoding@0.214",
        "jsr:@std/fmt@0.214",
        "jsr:@std/fs@0.214",
        "jsr:@std/path@0.214"
      ]
    },
    "@gfx/canvas@0.5.8": {
      "integrity": "a61c80292528e7433d428556b494a0ea496dd8e6abd4a338b8b25fc04e46ea3e",
      "dependencies": [
        "jsr:@denosaurs/plug@1.0.5",
        "jsr:@std/encoding@0.217.0",
        "jsr:@std/fs@0.217.0",
        "jsr:@std/path@0.217.0"
      ]
    },
    "@std/assert@0.214.0": {
      "integrity": "55d398de76a9828fd3b1aa653f4dba3eee4c6985d90c514865d2be9bd082b140"
    },
    "@std/assert@0.217.0": {
      "integrity": "c98e279362ca6982d5285c3b89517b757c1e3477ee9f14eb2fdf80a45aaa9642"
    },
    "@std/assert@1.0.14": {
      "integrity": "68d0d4a43b365abc927f45a9b85c639ea18a9fab96ad92281e493e4ed84abaa4",
      "dependencies": [
        "jsr:@std/internal"
      ]
    },
    "@std/encoding@0.214.0": {
      "integrity": "30a8713e1db22986c7e780555ffd2fefd1d4f9374d734bb41f5970f6c3352af5"
    },
    "@std/encoding@0.217.0": {
      "integrity": "b03e8ff94c98d6b6a02c02c5cf8e5d203400155516248964fc4559abc04669dc"
    },
    "@std/fmt@0.214.0": {
      "integrity": "40382cff88a0783b347b4d69b94cf931ab8e549a733916718cb866c08efac4d4"
    },
    "@std/fmt@1.0.8": {
      "integrity": "71e1fc498787e4434d213647a6e43e794af4fd393ef8f52062246e06f7e372b7"
    },
    "@std/fs@0.214.0": {
      "integrity": "bc880fea0be120cb1550b1ed7faf92fe071003d83f2456a1e129b39193d85bea",
      "dependencies": [
        "jsr:@std/assert@0.214",
        "jsr:@std/path@0.214"
      ]
    },
    "@std/fs@0.217.0": {
      "integrity": "0bfff5f3618d68c385b28b4ffbf3a15c98293a0f1186444458b62e0111ce77b2",
      "dependencies": [
        "jsr:@std/assert@0.217",
        "jsr:@std/path@0.217"
      ]
    },
    "@std/internal@1.0.10": {
      "integrity": "e3be62ce42cab0e177c27698e5d9800122f67b766a0bea6ca4867886cbde8cf7"
    },
    "@std/path@0.214.0": {
      "integrity": "d5577c0b8d66f7e8e3586d864ebdf178bb326145a3611da5a51c961740300285",
      "dependencies": [
        "jsr:@std/assert@0.214"
      ]
    },
    "@std/path@0.217.0": {
      "integrity": "1217cc25534bca9a2f672d7fe7c6f356e4027df400c0e85c0ef3e4343bc67d11",
      "dependencies": [
        "jsr:@std/assert@0.217"
      ]
    }
  },
  "npm": {
    "@emnapi/runtime@1.5.0": {
      "integrity": "sha512-97/BJ3iXHww3djw6hYIfErCZFee7qCtrneuLa20UXFCOTCfBM2cvQHjWJ2EG0s0MtdNwInarqCTz35i4wWXHsQ==",
      "dependencies": [
        "tslib"
      ],
      "tarball": "https://meditech.jfrog.io/artifactory/api/npm/npm/@emnapi/runtime/-/runtime-1.5.0.tgz"
    },
    "@img/colour@1.0.0": {
      "integrity": "sha512-A5P/LfWGFSl6nsckYtjw9da+19jB8hkJ6ACTGcDfEJ0aE+l2n2El7dsVM7UVHZQ9s2lmYMWlrS21YLy2IR1LUw==",
      "tarball": "https://meditech.jfrog.io/artifactory/api/npm/npm/@img/colour/-/colour-1.0.0.tgz"
    },
    "@img/sharp-darwin-arm64@0.34.4": {
      "integrity": "sha512-sitdlPzDVyvmINUdJle3TNHl+AG9QcwiAMsXmccqsCOMZNIdW2/7S26w0LyU8euiLVzFBL3dXPwVCq/ODnf2vA==",
      "optionalDependencies": [
        "@img/sharp-libvips-darwin-arm64"
      ],
      "os": ["darwin"],
      "cpu": ["arm64"],
      "tarball": "https://meditech.jfrog.io/artifactory/api/npm/npm/@img/sharp-darwin-arm64/-/sharp-darwin-arm64-0.34.4.tgz"
    },
    "@img/sharp-darwin-x64@0.34.4": {
      "integrity": "sha512-rZheupWIoa3+SOdF/IcUe1ah4ZDpKBGWcsPX6MT0lYniH9micvIU7HQkYTfrx5Xi8u+YqwLtxC/3vl8TQN6rMg==",
      "optionalDependencies": [
        "@img/sharp-libvips-darwin-x64"
      ],
      "os": ["darwin"],
      "cpu": ["x64"],
      "tarball": "https://meditech.jfrog.io/artifactory/api/npm/npm/@img/sharp-darwin-x64/-/sharp-darwin-x64-0.34.4.tgz"
    },
    "@img/sharp-libvips-darwin-arm64@1.2.3": {
      "integrity": "sha512-QzWAKo7kpHxbuHqUC28DZ9pIKpSi2ts2OJnoIGI26+HMgq92ZZ4vk8iJd4XsxN+tYfNJxzH6W62X5eTcsBymHw==",
      "os": ["darwin"],
      "cpu": ["arm64"],
      "tarball": "https://meditech.jfrog.io/artifactory/api/npm/npm/@img/sharp-libvips-darwin-arm64/-/sharp-libvips-darwin-arm64-1.2.3.tgz"
    },
    "@img/sharp-libvips-darwin-x64@1.2.3": {
      "integrity": "sha512-Ju+g2xn1E2AKO6YBhxjj+ACcsPQRHT0bhpglxcEf+3uyPY+/gL8veniKoo96335ZaPo03bdDXMv0t+BBFAbmRA==",
      "os": ["darwin"],
      "cpu": ["x64"],
      "tarball": "https://meditech.jfrog.io/artifactory/api/npm/npm/@img/sharp-libvips-darwin-x64/-/sharp-libvips-darwin-x64-1.2.3.tgz"
    },
    "@img/sharp-libvips-linux-arm64@1.2.3": {
      "integrity": "sha512-I4RxkXU90cpufazhGPyVujYwfIm9Nk1QDEmiIsaPwdnm013F7RIceaCc87kAH+oUB1ezqEvC6ga4m7MSlqsJvQ==",
      "os": ["linux"],
      "cpu": ["arm64"],
      "tarball": "https://meditech.jfrog.io/artifactory/api/npm/npm/@img/sharp-libvips-linux-arm64/-/sharp-libvips-linux-arm64-1.2.3.tgz"
    },
    "@img/sharp-libvips-linux-arm@1.2.3": {
      "integrity": "sha512-x1uE93lyP6wEwGvgAIV0gP6zmaL/a0tGzJs/BIDDG0zeBhMnuUPm7ptxGhUbcGs4okDJrk4nxgrmxpib9g6HpA==",
      "os": ["linux"],
      "cpu": ["arm"],
      "tarball": "https://meditech.jfrog.io/artifactory/api/npm/npm/@img/sharp-libvips-linux-arm/-/sharp-libvips-linux-arm-1.2.3.tgz"
    },
    "@img/sharp-libvips-linux-ppc64@1.2.3": {
      "integrity": "sha512-Y2T7IsQvJLMCBM+pmPbM3bKT/yYJvVtLJGfCs4Sp95SjvnFIjynbjzsa7dY1fRJX45FTSfDksbTp6AGWudiyCg==",
      "os": ["linux"],
      "cpu": ["ppc64"],
      "tarball": "https://meditech.jfrog.io/artifactory/api/npm/npm/@img/sharp-libvips-linux-ppc64/-/sharp-libvips-linux-ppc64-1.2.3.tgz"
    },
    "@img/sharp-libvips-linux-s390x@1.2.3": {
      "integrity": "sha512-RgWrs/gVU7f+K7P+KeHFaBAJlNkD1nIZuVXdQv6S+fNA6syCcoboNjsV2Pou7zNlVdNQoQUpQTk8SWDHUA3y/w==",
      "os": ["linux"],
      "cpu": ["s390x"],
      "tarball": "https://meditech.jfrog.io/artifactory/api/npm/npm/@img/sharp-libvips-linux-s390x/-/sharp-libvips-linux-s390x-1.2.3.tgz"
    },
    "@img/sharp-libvips-linux-x64@1.2.3": {
      "integrity": "sha512-3JU7LmR85K6bBiRzSUc/Ff9JBVIFVvq6bomKE0e63UXGeRw2HPVEjoJke1Yx+iU4rL7/7kUjES4dZ/81Qjhyxg==",
      "os": ["linux"],
      "cpu": ["x64"],
      "tarball": "https://meditech.jfrog.io/artifactory/api/npm/npm/@img/sharp-libvips-linux-x64/-/sharp-libvips-linux-x64-1.2.3.tgz"
    },
    "@img/sharp-libvips-linuxmusl-arm64@1.2.3": {
      "integrity": "sha512-F9q83RZ8yaCwENw1GieztSfj5msz7GGykG/BA+MOUefvER69K/ubgFHNeSyUu64amHIYKGDs4sRCMzXVj8sEyw==",
      "os": ["linux"],
      "cpu": ["arm64"],
      "tarball": "https://meditech.jfrog.io/artifactory/api/npm/npm/@img/sharp-libvips-linuxmusl-arm64/-/sharp-libvips-linuxmusl-arm64-1.2.3.tgz"
    },
    "@img/sharp-libvips-linuxmusl-x64@1.2.3": {
      "integrity": "sha512-U5PUY5jbc45ANM6tSJpsgqmBF/VsL6LnxJmIf11kB7J5DctHgqm0SkuXzVWtIY90GnJxKnC/JT251TDnk1fu/g==",
      "os": ["linux"],
      "cpu": ["x64"],
      "tarball": "https://meditech.jfrog.io/artifactory/api/npm/npm/@img/sharp-libvips-linuxmusl-x64/-/sharp-libvips-linuxmusl-x64-1.2.3.tgz"
    },
    "@img/sharp-linux-arm64@0.34.4": {
      "integrity": "sha512-YXU1F/mN/Wu786tl72CyJjP/Ngl8mGHN1hST4BGl+hiW5jhCnV2uRVTNOcaYPs73NeT/H8Upm3y9582JVuZHrQ==",
      "optionalDependencies": [
        "@img/sharp-libvips-linux-arm64"
      ],
      "os": ["linux"],
      "cpu": ["arm64"],
      "tarball": "https://meditech.jfrog.io/artifactory/api/npm/npm/@img/sharp-linux-arm64/-/sharp-linux-arm64-0.34.4.tgz"
    },
    "@img/sharp-linux-arm@0.34.4": {
      "integrity": "sha512-Xyam4mlqM0KkTHYVSuc6wXRmM7LGN0P12li03jAnZ3EJWZqj83+hi8Y9UxZUbxsgsK1qOEwg7O0Bc0LjqQVtxA==",
      "optionalDependencies": [
        "@img/sharp-libvips-linux-arm"
      ],
      "os": ["linux"],
      "cpu": ["arm"],
      "tarball": "https://meditech.jfrog.io/artifactory/api/npm/npm/@img/sharp-linux-arm/-/sharp-linux-arm-0.34.4.tgz"
    },
    "@img/sharp-linux-ppc64@0.34.4": {
      "integrity": "sha512-F4PDtF4Cy8L8hXA2p3TO6s4aDt93v+LKmpcYFLAVdkkD3hSxZzee0rh6/+94FpAynsuMpLX5h+LRsSG3rIciUQ==",
      "optionalDependencies": [
        "@img/sharp-libvips-linux-ppc64"
      ],
      "os": ["linux"],
      "cpu": ["ppc64"],
      "tarball": "https://meditech.jfrog.io/artifactory/api/npm/npm/@img/sharp-linux-ppc64/-/sharp-linux-ppc64-0.34.4.tgz"
    },
    "@img/sharp-linux-s390x@0.34.4": {
      "integrity": "sha512-qVrZKE9Bsnzy+myf7lFKvng6bQzhNUAYcVORq2P7bDlvmF6u2sCmK2KyEQEBdYk+u3T01pVsPrkj943T1aJAsw==",
      "optionalDependencies": [
        "@img/sharp-libvips-linux-s390x"
      ],
      "os": ["linux"],
      "cpu": ["s390x"],
      "tarball": "https://meditech.jfrog.io/artifactory/api/npm/npm/@img/sharp-linux-s390x/-/sharp-linux-s390x-0.34.4.tgz"
    },
    "@img/sharp-linux-x64@0.34.4": {
      "integrity": "sha512-ZfGtcp2xS51iG79c6Vhw9CWqQC8l2Ot8dygxoDoIQPTat/Ov3qAa8qpxSrtAEAJW+UjTXc4yxCjNfxm4h6Xm2A==",
      "optionalDependencies": [
        "@img/sharp-libvips-linux-x64"
      ],
      "os": ["linux"],
      "cpu": ["x64"],
      "tarball": "https://meditech.jfrog.io/artifactory/api/npm/npm/@img/sharp-linux-x64/-/sharp-linux-x64-0.34.4.tgz"
    },
    "@img/sharp-linuxmusl-arm64@0.34.4": {
      "integrity": "sha512-8hDVvW9eu4yHWnjaOOR8kHVrew1iIX+MUgwxSuH2XyYeNRtLUe4VNioSqbNkB7ZYQJj9rUTT4PyRscyk2PXFKA==",
      "optionalDependencies": [
        "@img/sharp-libvips-linuxmusl-arm64"
      ],
      "os": ["linux"],
      "cpu": ["arm64"],
      "tarball": "https://meditech.jfrog.io/artifactory/api/npm/npm/@img/sharp-linuxmusl-arm64/-/sharp-linuxmusl-arm64-0.34.4.tgz"
    },
    "@img/sharp-linuxmusl-x64@0.34.4": {
      "integrity": "sha512-lU0aA5L8QTlfKjpDCEFOZsTYGn3AEiO6db8W5aQDxj0nQkVrZWmN3ZP9sYKWJdtq3PWPhUNlqehWyXpYDcI9Sg==",
      "optionalDependencies": [
        "@img/sharp-libvips-linuxmusl-x64"
      ],
      "os": ["linux"],
      "cpu": ["x64"],
      "tarball": "https://meditech.jfrog.io/artifactory/api/npm/npm/@img/sharp-linuxmusl-x64/-/sharp-linuxmusl-x64-0.34.4.tgz"
    },
    "@img/sharp-wasm32@0.34.4": {
      "integrity": "sha512-33QL6ZO/qpRyG7woB/HUALz28WnTMI2W1jgX3Nu2bypqLIKx/QKMILLJzJjI+SIbvXdG9fUnmrxR7vbi1sTBeA==",
      "dependencies": [
        "@emnapi/runtime"
      ],
      "cpu": ["wasm32"],
      "tarball": "https://meditech.jfrog.io/artifactory/api/npm/npm/@img/sharp-wasm32/-/sharp-wasm32-0.34.4.tgz"
    },
    "@img/sharp-win32-arm64@0.34.4": {
      "integrity": "sha512-2Q250do/5WXTwxW3zjsEuMSv5sUU4Tq9VThWKlU2EYLm4MB7ZeMwF+SFJutldYODXF6jzc6YEOC+VfX0SZQPqA==",
      "os": ["win32"],
      "cpu": ["arm64"],
      "tarball": "https://meditech.jfrog.io/artifactory/api/npm/npm/@img/sharp-win32-arm64/-/sharp-win32-arm64-0.34.4.tgz"
    },
    "@img/sharp-win32-ia32@0.34.4": {
      "integrity": "sha512-3ZeLue5V82dT92CNL6rsal6I2weKw1cYu+rGKm8fOCCtJTR2gYeUfY3FqUnIJsMUPIH68oS5jmZ0NiJ508YpEw==",
      "os": ["win32"],
      "cpu": ["ia32"],
      "tarball": "https://meditech.jfrog.io/artifactory/api/npm/npm/@img/sharp-win32-ia32/-/sharp-win32-ia32-0.34.4.tgz"
    },
    "@img/sharp-win32-x64@0.34.4": {
      "integrity": "sha512-xIyj4wpYs8J18sVN3mSQjwrw7fKUqRw+Z5rnHNCy5fYTxigBz81u5mOMPmFumwjcn8+ld1ppptMBCLic1nz6ig==",
      "os": ["win32"],
      "cpu": ["x64"],
      "tarball": "https://meditech.jfrog.io/artifactory/api/npm/npm/@img/sharp-win32-x64/-/sharp-win32-x64-0.34.4.tgz"
    },
    "@types/node@22.10.6": {
      "integrity": "sha512-qNiuwC4ZDAUNcY47xgaSuS92cjf8JbSUoaKS77bmLG1rU7MlATVSiw/IlrjtIyyskXBZ8KkNfjK/P5na7rgXbQ==",
      "dependencies": [
        "undici-types"
      ],
      "tarball": "https://meditech.jfrog.io/artifactory/api/npm/npm/@types/node/-/node-22.10.6.tgz"
    },
    "culori@4.0.2": {
      "integrity": "sha512-1+BhOB8ahCn4O0cep0Sh2l9KCOfOdY+BXJnKMHFFzDEouSr/el18QwXEMRlOj9UY5nCeA8UN3a/82rUWRBeyBw==",
      "tarball": "https://meditech.jfrog.io/artifactory/api/npm/npm/culori/-/culori-4.0.2.tgz"
    },
    "detect-libc@2.1.2": {
      "integrity": "sha512-Btj2BOOO83o3WyH59e8MgXsxEQVcarkUOpEYrubB0urwnN10yQ364rsiByU11nZlqWYZm05i/of7io4mzihBtQ==",
      "tarball": "https://meditech.jfrog.io/artifactory/api/npm/npm/detect-libc/-/detect-libc-2.1.2.tgz"
    },
    "semver@7.7.2": {
      "integrity": "sha512-RF0Fw+rO5AMf9MAyaRXI4AV0Ulj5lMHqVxxdSgiVbixSCXoEmmX/jk0CuJw4+3SqroYO9VoUh+HcuJivvtJemA==",
      "bin": true,
      "tarball": "https://meditech.jfrog.io/artifactory/api/npm/npm/semver/-/semver-7.7.2.tgz"
    },
    "sharp@0.34.4": {
      "integrity": "sha512-FUH39xp3SBPnxWvd5iib1X8XY7J0K0X7d93sie9CJg2PO8/7gmg89Nve6OjItK53/MlAushNNxteBYfM6DEuoA==",
      "dependencies": [
        "@img/colour",
        "detect-libc",
        "semver"
      ],
      "optionalDependencies": [
        "@img/sharp-darwin-arm64",
        "@img/sharp-darwin-x64",
        "@img/sharp-libvips-darwin-arm64",
        "@img/sharp-libvips-darwin-x64",
        "@img/sharp-libvips-linux-arm",
        "@img/sharp-libvips-linux-arm64",
        "@img/sharp-libvips-linux-ppc64",
        "@img/sharp-libvips-linux-s390x",
        "@img/sharp-libvips-linux-x64",
        "@img/sharp-libvips-linuxmusl-arm64",
        "@img/sharp-libvips-linuxmusl-x64",
        "@img/sharp-linux-arm",
        "@img/sharp-linux-arm64",
        "@img/sharp-linux-ppc64",
        "@img/sharp-linux-s390x",
        "@img/sharp-linux-x64",
        "@img/sharp-linuxmusl-arm64",
        "@img/sharp-linuxmusl-x64",
        "@img/sharp-wasm32",
        "@img/sharp-win32-arm64",
        "@img/sharp-win32-ia32",
        "@img/sharp-win32-x64"
      ],
      "scripts": true,
      "tarball": "https://meditech.jfrog.io/artifactory/api/npm/npm/sharp/-/sharp-0.34.4.tgz"
    },
    "tslib@2.8.1": {
      "integrity": "sha512-oJFu94HQb+KVduSUQL7wnpmqnfmLsOA/nAh6b6EH0wCEoK0/mPeXU6c3wKDV83MkOuHPRHtSXKKU99IBazS/2w==",
      "tarball": "https://meditech.jfrog.io/artifactory/api/npm/npm/tslib/-/tslib-2.8.1.tgz"
    },
    "undici-types@6.20.0": {
      "integrity": "sha512-Ny6QZ2Nju20vw1SRHe3d9jVu6gJ+4e3+MMpqu7pqE5HT6WsTSlce++GQmK5UXS8mzV8DSYHrQH+Xrf2jVcuKNg==",
      "tarball": "https://meditech.jfrog.io/artifactory/api/npm/npm/undici-types/-/undici-types-6.20.0.tgz"
    }
  },
  "workspace": {
    "dependencies": [
      "jsr:@std/assert@1",
      "jsr:@std/fmt@^1.0.8",
      "npm:culori@*",
      "npm:sharp@*"
    ]
  }
}
